
Microsoft Visual Studio Solution File, Format Version 12.00
# Visual Studio Version 16
VisualStudioVersion = 16.0.30114.105
MinimumVisualStudioVersion = 10.0.40219.1
Project("{FAE04EC0-301F-11D3-BF4B-00C04F79EFBC}") = "laba3", "laba3\laba3.csproj", "{05C570A7-BC6C-40C7-B67D-468E0FD32930}"
EndProject
Project("{FAE04EC0-301F-11D3-BF4B-00C04F79EFBC}") = "UnitTestProject1", "UnitTestProject1\UnitTestProject1.csproj", "{D20A3A97-6BBF-475B-B49D-F79A083395E2}"
EndProject
Global
	GlobalSection(SolutionConfigurationPlatforms) = preSolution
		Debug|Any CPU = Debug|Any CPU
		Release|Any CPU = Release|Any CPU
	EndGlobalSection
	GlobalSection(ProjectConfigurationPlatforms) = postSolution
		{05C570A7-BC6C-40C7-B67D-468E0FD32930}.Debug|Any CPU.ActiveCfg = Debug|Any CPU
		{05C570A7-BC6C-40C7-B67D-468E0FD32930}.Debug|Any CPU.Build.0 = Debug|Any CPU
		{05C570A7-BC6C-40C7-B67D-468E0FD32930}.Release|Any CPU.ActiveCfg = Release|Any CPU
		{05C570A7-BC6C-40C7-B67D-468E0FD32930}.Release|Any CPU.Build.0 = Release|Any CPU
		{D20A3A97-6BBF-475B-B49D-F79A083395E2}.Debug|Any CPU.ActiveCfg = Debug|Any CPU
		{D20A3A97-6BBF-475B-B49D-F79A083395E2}.Debug|Any CPU.Build.0 = Debug|Any CPU
		{D20A3A97-6BBF-475B-B49D-F79A083395E2}.Release|Any CPU.ActiveCfg = Release|Any CPU
		{D20A3A97-6BBF-475B-B49D-F79A083395E2}.Release|Any CPU.Build.0 = Release|Any CPU
	EndGlobalSection
	GlobalSection(SolutionProperties) = preSolution
		HideSolutionNode = FALSE
	EndGlobalSection
	GlobalSection(ExtensibilityGlobals) = postSolution
		SolutionGuid = {A86AA253-237F-41F7-AA70-D8FA7FE73F8F}
	EndGlobalSection
EndGlobal
